<?xml version="1.0" encoding="utf-8"?>
<Project ToolsVersion="4.0" xmlns="http://schemas.microsoft.com/developer/msbuild/2003">
  <ItemGroup>
    <Filter Include="Source Files">
      <UniqueIdentifier>{4FC737F1-C7A5-4376-A066-2A32D752A2FF}</UniqueIdentifier>
      <Extensions>cpp;c;cc;cxx;def;odl;idl;hpj;bat;asm;asmx</Extensions>
    </Filter>
    <Filter Include="Header Files">
      <UniqueIdentifier>{93995380-89BD-4b04-88EB-625FBE52EBFB}</UniqueIdentifier>
      <Extensions>h;hh;hpp;hxx;hm;inl;inc;xsd</Extensions>
    </Filter>
    <Filter Include="Resource Files">
      <UniqueIdentifier>{67DA6AB6-F800-4c08-8B7A-83BB121AAD01}</UniqueIdentifier>
      <Extensions>rc;ico;cur;bmp;dlg;rc2;rct;bin;rgs;gif;jpg;jpeg;jpe;resx;tiff;tif;png;wav;mfcribbon-ms</Extensions>
    </Filter>
  </ItemGroup>
  <ItemGroup>
    <ResourceCompile Include="DolmexicaInfinite.rc">
      <Filter>Resource Files</Filter>
    </ResourceCompile>
  </ItemGroup>
  <ItemGroup>
    <ClCompile Include="..\ai.cpp">
      <Filter>Source Files</Filter>
    </ClCompile>
    <ClCompile Include="..\arcademode.cpp">
      <Filter>Source Files</Filter>
    </ClCompile>
    <ClCompile Include="..\boxcursorhandler.cpp">
      <Filter>Source Files</Filter>
    </ClCompile>
    <ClCompile Include="..\characterselectscreen.cpp">
      <Filter>Source Files</Filter>
    </ClCompile>
    <ClCompile Include="..\collision.cpp">
      <Filter>Source Files</Filter>
    </ClCompile>
    <ClCompile Include="..\config.cpp">
      <Filter>Source Files</Filter>
    </ClCompile>
    <ClCompile Include="..\creditsmode.cpp">
      <Filter>Source Files</Filter>
    </ClCompile>
    <ClCompile Include="..\dolmexicastoryscreen.cpp">
      <Filter>Source Files</Filter>
    </ClCompile>
    <ClCompile Include="..\exhibitmode.cpp">
      <Filter>Source Files</Filter>
    </ClCompile>
    <ClCompile Include="..\fightdebug.cpp">
      <Filter>Source Files</Filter>
    </ClCompile>
    <ClCompile Include="..\fightresultdisplay.cpp">
      <Filter>Source Files</Filter>
    </ClCompile>
    <ClCompile Include="..\fightscreen.cpp">
      <Filter>Source Files</Filter>
    </ClCompile>
    <ClCompile Include="..\fightui.cpp">
      <Filter>Source Files</Filter>
    </ClCompile>
    <ClCompile Include="..\freeplaymode.cpp">
      <Filter>Source Files</Filter>
    </ClCompile>
    <ClCompile Include="..\gamelogic.cpp">
      <Filter>Source Files</Filter>
    </ClCompile>
    <ClCompile Include="..\intro.cpp">
      <Filter>Source Files</Filter>
    </ClCompile>
    <ClCompile Include="..\main.cpp">
      <Filter>Source Files</Filter>
    </ClCompile>
    <ClCompile Include="..\menubackground.cpp">
      <Filter>Source Files</Filter>
    </ClCompile>
    <ClCompile Include="..\mugenanimationutilities.cpp">
      <Filter>Source Files</Filter>
    </ClCompile>
    <ClCompile Include="..\mugenassignment.cpp">
      <Filter>Source Files</Filter>
    </ClCompile>
    <ClCompile Include="..\mugenassignmentevaluator.cpp">
      <Filter>Source Files</Filter>
    </ClCompile>
    <ClCompile Include="..\mugenbackgroundstatehandler.cpp">
      <Filter>Source Files</Filter>
    </ClCompile>
    <ClCompile Include="..\mugencommandhandler.cpp">
      <Filter>Source Files</Filter>
    </ClCompile>
    <ClCompile Include="..\mugencommandreader.cpp">
      <Filter>Source Files</Filter>
    </ClCompile>
    <ClCompile Include="..\mugenexplod.cpp">
      <Filter>Source Files</Filter>
    </ClCompile>
    <ClCompile Include="..\mugenlog.cpp">
      <Filter>Source Files</Filter>
    </ClCompile>
    <ClCompile Include="..\mugensound.cpp">
      <Filter>Source Files</Filter>
    </ClCompile>
    <ClCompile Include="..\mugenstagehandler.cpp">
      <Filter>Source Files</Filter>
    </ClCompile>
    <ClCompile Include="..\mugenstatecontrollers.cpp">
      <Filter>Source Files</Filter>
    </ClCompile>
    <ClCompile Include="..\mugenstatehandler.cpp">
      <Filter>Source Files</Filter>
    </ClCompile>
    <ClCompile Include="..\mugenstatereader.cpp">
      <Filter>Source Files</Filter>
    </ClCompile>
    <ClCompile Include="..\optionsscreen.cpp">
      <Filter>Source Files</Filter>
    </ClCompile>
    <ClCompile Include="..\pausecontrollers.cpp">
      <Filter>Source Files</Filter>
    </ClCompile>
    <ClCompile Include="..\playerdefinition.cpp">
      <Filter>Source Files</Filter>
    </ClCompile>
    <ClCompile Include="..\playerhitdata.cpp">
      <Filter>Source Files</Filter>
    </ClCompile>
    <ClCompile Include="..\projectile.cpp">
      <Filter>Source Files</Filter>
    </ClCompile>
    <ClCompile Include="..\randomwatchmode.cpp">
      <Filter>Source Files</Filter>
    </ClCompile>
    <ClCompile Include="..\stage.cpp">
      <Filter>Source Files</Filter>
    </ClCompile>
    <ClCompile Include="..\storymode.cpp">
      <Filter>Source Files</Filter>
    </ClCompile>
    <ClCompile Include="..\storyscreen.cpp">
      <Filter>Source Files</Filter>
    </ClCompile>
    <ClCompile Include="..\superwatchmode.cpp">
      <Filter>Source Files</Filter>
    </ClCompile>
    <ClCompile Include="..\survivalmode.cpp">
      <Filter>Source Files</Filter>
    </ClCompile>
    <ClCompile Include="..\titlescreen.cpp">
      <Filter>Source Files</Filter>
    </ClCompile>
    <ClCompile Include="..\trainingmode.cpp">
      <Filter>Source Files</Filter>
    </ClCompile>
    <ClCompile Include="..\versusmode.cpp">
      <Filter>Source Files</Filter>
    </ClCompile>
    <ClCompile Include="..\versusscreen.cpp">
      <Filter>Source Files</Filter>
    </ClCompile>
    <ClCompile Include="..\warningscreen.cpp">
      <Filter>Source Files</Filter>
    </ClCompile>
    <ClCompile Include="..\watchmode.cpp">
      <Filter>Source Files</Filter>
    </ClCompile>
  </ItemGroup>
  <ItemGroup>
    <ClInclude Include="..\ai.h">
      <Filter>Header Files</Filter>
    </ClInclude>
    <ClInclude Include="..\arcademode.h">
      <Filter>Header Files</Filter>
    </ClInclude>
    <ClInclude Include="..\boxcursorhandler.h">
      <Filter>Header Files</Filter>
    </ClInclude>
    <ClInclude Include="..\characterselectscreen.h">
      <Filter>Header Files</Filter>
    </ClInclude>
    <ClInclude Include="..\collision.h">
      <Filter>Header Files</Filter>
    </ClInclude>
    <ClInclude Include="..\config.h">
      <Filter>Header Files</Filter>
    </ClInclude>
    <ClInclude Include="..\creditsmode.h">
      <Filter>Header Files</Filter>
    </ClInclude>
    <ClInclude Include="..\dolmexicastoryscreen.h">
      <Filter>Header Files</Filter>
    </ClInclude>
    <ClInclude Include="..\exhibitmode.h">
      <Filter>Header Files</Filter>
    </ClInclude>
    <ClInclude Include="..\fightdebug.h">
      <Filter>Header Files</Filter>
    </ClInclude>
    <ClInclude Include="..\fightresultdisplay.h">
      <Filter>Header Files</Filter>
    </ClInclude>
    <ClInclude Include="..\fightscreen.h">
      <Filter>Header Files</Filter>
    </ClInclude>
    <ClInclude Include="..\fightui.h">
      <Filter>Header Files</Filter>
    </ClInclude>
    <ClInclude Include="..\freeplaymode.h">
      <Filter>Header Files</Filter>
    </ClInclude>
    <ClInclude Include="..\gamelogic.h">
      <Filter>Header Files</Filter>
    </ClInclude>
    <ClInclude Include="..\intro.h">
      <Filter>Header Files</Filter>
    </ClInclude>
    <ClInclude Include="..\menubackground.h">
      <Filter>Header Files</Filter>
    </ClInclude>
    <ClInclude Include="..\mugenanimationutilities.h">
      <Filter>Header Files</Filter>
    </ClInclude>
    <ClInclude Include="..\mugenassignment.h">
      <Filter>Header Files</Filter>
    </ClInclude>
    <ClInclude Include="..\mugenassignmentevaluator.h">
      <Filter>Header Files</Filter>
    </ClInclude>
    <ClInclude Include="..\mugenbackgroundstatehandler.h">
      <Filter>Header Files</Filter>
    </ClInclude>
    <ClInclude Include="..\mugencommandhandler.h">
      <Filter>Header Files</Filter>
    </ClInclude>
    <ClInclude Include="..\mugencommandreader.h">
      <Filter>Header Files</Filter>
    </ClInclude>
    <ClInclude Include="..\mugenexplod.h">
      <Filter>Header Files</Filter>
    </ClInclude>
    <ClInclude Include="..\mugenlog.h">
      <Filter>Header Files</Filter>
    </ClInclude>
    <ClInclude Include="..\mugensound.h">
      <Filter>Header Files</Filter>
    </ClInclude>
    <ClInclude Include="..\mugenstagehandler.h">
      <Filter>Header Files</Filter>
    </ClInclude>
    <ClInclude Include="..\mugenstatecontrollers.h">
      <Filter>Header Files</Filter>
    </ClInclude>
    <ClInclude Include="..\mugenstatehandler.h">
      <Filter>Header Files</Filter>
    </ClInclude>
    <ClInclude Include="..\mugenstatereader.h">
      <Filter>Header Files</Filter>
    </ClInclude>
    <ClInclude Include="..\optionsscreen.h">
      <Filter>Header Files</Filter>
    </ClInclude>
    <ClInclude Include="..\pausecontrollers.h">
      <Filter>Header Files</Filter>
    </ClInclude>
    <ClInclude Include="..\playerdefinition.h">
      <Filter>Header Files</Filter>
    </ClInclude>
    <ClInclude Include="..\playerhitdata.h">
      <Filter>Header Files</Filter>
    </ClInclude>
    <ClInclude Include="..\projectile.h">
      <Filter>Header Files</Filter>
    </ClInclude>
    <ClInclude Include="..\randomwatchmode.h">
      <Filter>Header Files</Filter>
    </ClInclude>
    <ClInclude Include="..\stage.h">
      <Filter>Header Files</Filter>
    </ClInclude>
    <ClInclude Include="..\storymode.h">
      <Filter>Header Files</Filter>
    </ClInclude>
    <ClInclude Include="..\storyscreen.h">
      <Filter>Header Files</Filter>
    </ClInclude>
    <ClInclude Include="..\superwatchmode.h">
      <Filter>Header Files</Filter>
    </ClInclude>
    <ClInclude Include="..\survivalmode.h">
      <Filter>Header Files</Filter>
    </ClInclude>
    <ClInclude Include="..\titlescreen.h">
      <Filter>Header Files</Filter>
    </ClInclude>
    <ClInclude Include="..\trainingmode.h">
      <Filter>Header Files</Filter>
    </ClInclude>
    <ClInclude Include="..\versusmode.h">
      <Filter>Header Files</Filter>
    </ClInclude>
    <ClInclude Include="..\versusscreen.h">
      <Filter>Header Files</Filter>
    </ClInclude>
    <ClInclude Include="..\warningscreen.h">
      <Filter>Header Files</Filter>
    </ClInclude>
    <ClInclude Include="..\watchmode.h">
      <Filter>Header Files</Filter>
    </ClInclude>
  </ItemGroup>
</Project>