<?xml version="1.0" encoding="utf-8"?>
<Project ToolsVersion="4.0" xmlns="http://schemas.microsoft.com/developer/msbuild/2003">
  <ItemGroup>
    <Filter Include="Source Files">
      <UniqueIdentifier>{4FC737F1-C7A5-4376-A066-2A32D752A2FF}</UniqueIdentifier>
      <Extensions>cpp;c;cc;cxx;def;odl;idl;hpj;bat;asm;asmx</Extensions>
    </Filter>
    <Filter Include="Header Files">
      <UniqueIdentifier>{93995380-89BD-4b04-88EB-625FBE52EBFB}</UniqueIdentifier>
      <Extensions>h;hh;hpp;hxx;hm;inl;inc;xsd</Extensions>
    </Filter>
    <Filter Include="Resource Files">
      <UniqueIdentifier>{67DA6AB6-F800-4c08-8B7A-83BB121AAD01}</UniqueIdentifier>
      <Extensions>rc;ico;cur;bmp;dlg;rc2;rct;bin;rgs;gif;jpg;jpeg;jpe;resx;tiff;tif;png;wav;mfcribbon-ms</Extensions>
    </Filter>
  </ItemGroup>
  <ItemGroup>
    <ClCompile Include="..\main.c">
      <Filter>Source Files</Filter>
    </ClCompile>
    <ClCompile Include="..\warningscreen.c">
      <Filter>Source Files</Filter>
    </ClCompile>
    <ClCompile Include="..\twoplayerselectscreen.c">
      <Filter>Source Files</Filter>
    </ClCompile>
    <ClCompile Include="..\titlescreen.c">
      <Filter>Source Files</Filter>
    </ClCompile>
    <ClCompile Include="..\storyscreen.c">
      <Filter>Source Files</Filter>
    </ClCompile>
    <ClCompile Include="..\story.c">
      <Filter>Source Files</Filter>
    </ClCompile>
    <ClCompile Include="..\stage.c">
      <Filter>Source Files</Filter>
    </ClCompile>
    <ClCompile Include="..\projectile.c">
      <Filter>Source Files</Filter>
    </ClCompile>
    <ClCompile Include="..\playerhitdata.c">
      <Filter>Source Files</Filter>
    </ClCompile>
    <ClCompile Include="..\playerdefinition.c">
      <Filter>Source Files</Filter>
    </ClCompile>
    <ClCompile Include="..\pausecontrollers.c">
      <Filter>Source Files</Filter>
    </ClCompile>
    <ClCompile Include="..\mugenstatereader.c">
      <Filter>Source Files</Filter>
    </ClCompile>
    <ClCompile Include="..\mugenstatehandler.c">
      <Filter>Source Files</Filter>
    </ClCompile>
    <ClCompile Include="..\mugenstatecontrollers.c">
      <Filter>Source Files</Filter>
    </ClCompile>
    <ClCompile Include="..\mugenstagehandler.c">
      <Filter>Source Files</Filter>
    </ClCompile>
    <ClCompile Include="..\mugensound.c">
      <Filter>Source Files</Filter>
    </ClCompile>
    <ClCompile Include="..\mugenexplod.c">
      <Filter>Source Files</Filter>
    </ClCompile>
    <ClCompile Include="..\mugencommandreader.c">
      <Filter>Source Files</Filter>
    </ClCompile>
    <ClCompile Include="..\mugencommandhandler.c">
      <Filter>Source Files</Filter>
    </ClCompile>
    <ClCompile Include="..\mugenassignmentevaluator.c">
      <Filter>Source Files</Filter>
    </ClCompile>
    <ClCompile Include="..\mugenassignment.c">
      <Filter>Source Files</Filter>
    </ClCompile>
    <ClCompile Include="..\menuscreen.c">
      <Filter>Source Files</Filter>
    </ClCompile>
    <ClCompile Include="..\gameoverscreen.c">
      <Filter>Source Files</Filter>
    </ClCompile>
    <ClCompile Include="..\gamelogic.c">
      <Filter>Source Files</Filter>
    </ClCompile>
    <ClCompile Include="..\fightui.c">
      <Filter>Source Files</Filter>
    </ClCompile>
    <ClCompile Include="..\fightscreen.c">
      <Filter>Source Files</Filter>
    </ClCompile>
    <ClCompile Include="..\config.c">
      <Filter>Source Files</Filter>
    </ClCompile>
    <ClCompile Include="..\collision.c">
      <Filter>Source Files</Filter>
    </ClCompile>
    <ClCompile Include="..\ai.c">
      <Filter>Source Files</Filter>
    </ClCompile>
    <ClCompile Include="..\menubackground.c">
      <Filter>Source Files</Filter>
    </ClCompile>
    <ClCompile Include="..\characterselectscreen.c">
      <Filter>Source Files</Filter>
    </ClCompile>
    <ClCompile Include="..\versusscreen.c">
      <Filter>Source Files</Filter>
    </ClCompile>
    <ClCompile Include="..\arcademode.c">
      <Filter>Source Files</Filter>
    </ClCompile>
    <ClCompile Include="..\mugenlog.c">
      <Filter>Source Files</Filter>
    </ClCompile>
  </ItemGroup>
  <ItemGroup>
    <ClInclude Include="..\ai.h">
      <Filter>Header Files</Filter>
    </ClInclude>
    <ClInclude Include="..\collision.h">
      <Filter>Header Files</Filter>
    </ClInclude>
    <ClInclude Include="..\config.h">
      <Filter>Header Files</Filter>
    </ClInclude>
    <ClInclude Include="..\fightscreen.h">
      <Filter>Header Files</Filter>
    </ClInclude>
    <ClInclude Include="..\fightui.h">
      <Filter>Header Files</Filter>
    </ClInclude>
    <ClInclude Include="..\gamelogic.h">
      <Filter>Header Files</Filter>
    </ClInclude>
    <ClInclude Include="..\gameoverscreen.h">
      <Filter>Header Files</Filter>
    </ClInclude>
    <ClInclude Include="..\menuscreen.h">
      <Filter>Header Files</Filter>
    </ClInclude>
    <ClInclude Include="..\mugenassignment.h">
      <Filter>Header Files</Filter>
    </ClInclude>
    <ClInclude Include="..\mugenassignmentevaluator.h">
      <Filter>Header Files</Filter>
    </ClInclude>
    <ClInclude Include="..\mugencommandhandler.h">
      <Filter>Header Files</Filter>
    </ClInclude>
    <ClInclude Include="..\mugencommandreader.h">
      <Filter>Header Files</Filter>
    </ClInclude>
    <ClInclude Include="..\mugenexplod.h">
      <Filter>Header Files</Filter>
    </ClInclude>
    <ClInclude Include="..\mugensound.h">
      <Filter>Header Files</Filter>
    </ClInclude>
    <ClInclude Include="..\mugenstagehandler.h">
      <Filter>Header Files</Filter>
    </ClInclude>
    <ClInclude Include="..\mugenstatecontrollers.h">
      <Filter>Header Files</Filter>
    </ClInclude>
    <ClInclude Include="..\mugenstatehandler.h">
      <Filter>Header Files</Filter>
    </ClInclude>
    <ClInclude Include="..\mugenstatereader.h">
      <Filter>Header Files</Filter>
    </ClInclude>
    <ClInclude Include="..\pausecontrollers.h">
      <Filter>Header Files</Filter>
    </ClInclude>
    <ClInclude Include="..\playerdefinition.h">
      <Filter>Header Files</Filter>
    </ClInclude>
    <ClInclude Include="..\playerhitdata.h">
      <Filter>Header Files</Filter>
    </ClInclude>
    <ClInclude Include="..\projectile.h">
      <Filter>Header Files</Filter>
    </ClInclude>
    <ClInclude Include="..\stage.h">
      <Filter>Header Files</Filter>
    </ClInclude>
    <ClInclude Include="..\story.h">
      <Filter>Header Files</Filter>
    </ClInclude>
    <ClInclude Include="..\storyscreen.h">
      <Filter>Header Files</Filter>
    </ClInclude>
    <ClInclude Include="..\titlescreen.h">
      <Filter>Header Files</Filter>
    </ClInclude>
    <ClInclude Include="..\twoplayerselectscreen.h">
      <Filter>Header Files</Filter>
    </ClInclude>
    <ClInclude Include="..\warningscreen.h">
      <Filter>Header Files</Filter>
    </ClInclude>
    <ClInclude Include="..\menubackground.h">
      <Filter>Header Files</Filter>
    </ClInclude>
    <ClInclude Include="..\characterselectscreen.h">
      <Filter>Header Files</Filter>
    </ClInclude>
    <ClInclude Include="..\versusscreen.h">
      <Filter>Header Files</Filter>
    </ClInclude>
    <ClInclude Include="..\arcademode.h">
      <Filter>Header Files</Filter>
    </ClInclude>
    <ClInclude Include="resource.h">
      <Filter>Header Files</Filter>
    </ClInclude>
    <ClInclude Include="..\mugenlog.h">
      <Filter>Header Files</Filter>
    </ClInclude>
  </ItemGroup>
  <ItemGroup>
    <ResourceCompile Include="DolmexicaInfinite.rc">
      <Filter>Resource Files</Filter>
    </ResourceCompile>
  </ItemGroup>
</Project>