
Microsoft Visual Studio Solution File, Format Version 12.00
# Visual Studio 15
VisualStudioVersion = 15.0.28307.1022
MinimumVisualStudioVersion = 10.0.40219.1
Project("{FAE04EC0-301F-11D3-BF4B-00C04F79EFBC}") = "MakeYourOwnGameKitGuiDreamcast", "MakeYourOwnGameKitGuiDreamcast\MakeYourOwnGameKitGuiDreamcast.csproj", "{A7945675-0CE5-44FC-8129-462EEFE4F1D3}"
EndProject
Project("{FAE04EC0-301F-11D3-BF4B-00C04F79EFBC}") = "MakeYourOwnGameKitGuiWeb", "MakeYourOwnGameKitGuiWeb\MakeYourOwnGameKitGuiWeb.csproj", "{1B9C8FAB-3DF3-459A-952B-E23AD53B0EDA}"
EndProject
Global
	GlobalSection(SolutionConfigurationPlatforms) = preSolution
		Debug|Any CPU = Debug|Any CPU
		Release|Any CPU = Release|Any CPU
	EndGlobalSection
	GlobalSection(ProjectConfigurationPlatforms) = postSolution
		{A7945675-0CE5-44FC-8129-462EEFE4F1D3}.Debug|Any CPU.ActiveCfg = Debug|Any CPU
		{A7945675-0CE5-44FC-8129-462EEFE4F1D3}.Debug|Any CPU.Build.0 = Debug|Any CPU
		{A7945675-0CE5-44FC-8129-462EEFE4F1D3}.Release|Any CPU.ActiveCfg = Release|Any CPU
		{A7945675-0CE5-44FC-8129-462EEFE4F1D3}.Release|Any CPU.Build.0 = Release|Any CPU
		{1B9C8FAB-3DF3-459A-952B-E23AD53B0EDA}.Debug|Any CPU.ActiveCfg = Debug|Any CPU
		{1B9C8FAB-3DF3-459A-952B-E23AD53B0EDA}.Debug|Any CPU.Build.0 = Debug|Any CPU
		{1B9C8FAB-3DF3-459A-952B-E23AD53B0EDA}.Release|Any CPU.ActiveCfg = Release|Any CPU
		{1B9C8FAB-3DF3-459A-952B-E23AD53B0EDA}.Release|Any CPU.Build.0 = Release|Any CPU
	EndGlobalSection
	GlobalSection(SolutionProperties) = preSolution
		HideSolutionNode = FALSE
	EndGlobalSection
	GlobalSection(ExtensibilityGlobals) = postSolution
		SolutionGuid = {42C9CC84-DB9C-42D7-BC8F-301420D0037C}
	EndGlobalSection
EndGlobal
